// !$*UTF8*$!
{
	archiveVersion = 1;
	classes = {
	};
	objectVersion = 50;
	objects = {

/* Begin PBXBuildFile section */
		E09C0D0425C72791008825B1 /* TransactionsEngine.framework in Frameworks */ = {isa = PBXBuildFile; fileRef = E09C0CFA25C72791008825B1 /* TransactionsEngine.framework */; };
		E09C0D1F25C72898008825B1 /* Api_Example.json in Resources */ = {isa = PBXBuildFile; fileRef = E09C0D1E25C72898008825B1 /* Api_Example.json */; };
		E09C0D2325C730D0008825B1 /* Transactions.svg in Resources */ = {isa = PBXBuildFile; fileRef = E09C0D2225C730D0008825B1 /* Transactions.svg */; };
		E09C0D2825C73167008825B1 /* TransactionsLoader.swift in Sources */ = {isa = PBXBuildFile; fileRef = E09C0D2725C73167008825B1 /* TransactionsLoader.swift */; };
		E09C0D2C25C7328C008825B1 /* Transaction.swift in Sources */ = {isa = PBXBuildFile; fileRef = E09C0D2B25C7328C008825B1 /* Transaction.swift */; };
		E09C0D3025C73306008825B1 /* RemoteTransactionsLoaderTests.swift in Sources */ = {isa = PBXBuildFile; fileRef = E09C0D2F25C73306008825B1 /* RemoteTransactionsLoaderTests.swift */; };
		E09C0D3D25C751CE008825B1 /* HTTPClient.swift in Sources */ = {isa = PBXBuildFile; fileRef = E09C0D3C25C751CE008825B1 /* HTTPClient.swift */; };
		E09C0D4125C751EC008825B1 /* RemoteTransactionsLoader.swift in Sources */ = {isa = PBXBuildFile; fileRef = E09C0D4025C751EC008825B1 /* RemoteTransactionsLoader.swift */; };
		E09C0D4425C75212008825B1 /* String+DateExtension.swift in Sources */ = {isa = PBXBuildFile; fileRef = E09C0D3325C74A44008825B1 /* String+DateExtension.swift */; };
		E09C0D4525C75212008825B1 /* Date+StringExtension.swift in Sources */ = {isa = PBXBuildFile; fileRef = E09C0D3725C74E5B008825B1 /* Date+StringExtension.swift */; };
		E09C0D4A25C7523E008825B1 /* String+DateExtension.swift in Sources */ = {isa = PBXBuildFile; fileRef = E09C0D3325C74A44008825B1 /* String+DateExtension.swift */; };
		E09C0D4D25C75241008825B1 /* Date+StringExtension.swift in Sources */ = {isa = PBXBuildFile; fileRef = E09C0D3725C74E5B008825B1 /* Date+StringExtension.swift */; };
		E09C0D5125C7525D008825B1 /* RemoteTransaction.swift in Sources */ = {isa = PBXBuildFile; fileRef = E09C0D5025C7525D008825B1 /* RemoteTransaction.swift */; };
		E09C0D5525C7526E008825B1 /* RemoteItemsMapper.swift in Sources */ = {isa = PBXBuildFile; fileRef = E09C0D5425C7526E008825B1 /* RemoteItemsMapper.swift */; };
		E09C0D5925C75291008825B1 /* HTTPClientSpy.swift in Sources */ = {isa = PBXBuildFile; fileRef = E09C0D5825C75290008825B1 /* HTTPClientSpy.swift */; };
		E09C0D5D25C752BF008825B1 /* SharedTestHelpers.swift in Sources */ = {isa = PBXBuildFile; fileRef = E09C0D5C25C752BF008825B1 /* SharedTestHelpers.swift */; };
		E09C0D6125C75316008825B1 /* URLSessionHTTPClient.swift in Sources */ = {isa = PBXBuildFile; fileRef = E09C0D6025C75316008825B1 /* URLSessionHTTPClient.swift */; };
		E09C0D6B25C7541A008825B1 /* TransactionsAPIEndToEndTests.swift in Sources */ = {isa = PBXBuildFile; fileRef = E09C0D6A25C7541A008825B1 /* TransactionsAPIEndToEndTests.swift */; };
		E09C0D6D25C7541A008825B1 /* TransactionsEngine.framework in Frameworks */ = {isa = PBXBuildFile; fileRef = E09C0CFA25C72791008825B1 /* TransactionsEngine.framework */; };
		E09C0DFA25C80CB1008825B1 /* RemoteTransactionImageLoaderTests.swift in Sources */ = {isa = PBXBuildFile; fileRef = E09C0DF925C80CB1008825B1 /* RemoteTransactionImageLoaderTests.swift */; };
		E09C0E0D25C8147F008825B1 /* RemoteTransactionImageLoader.swift in Sources */ = {isa = PBXBuildFile; fileRef = E09C0E0C25C8147F008825B1 /* RemoteTransactionImageLoader.swift */; };
		E09C0E1525C814B4008825B1 /* TransactionImageLoader.swift in Sources */ = {isa = PBXBuildFile; fileRef = E09C0E1425C814B4008825B1 /* TransactionImageLoader.swift */; };
/* End PBXBuildFile section */

/* Begin PBXContainerItemProxy section */
		E09C0D0525C72791008825B1 /* PBXContainerItemProxy */ = {
			isa = PBXContainerItemProxy;
			containerPortal = E09C0CF125C72791008825B1 /* Project object */;
			proxyType = 1;
			remoteGlobalIDString = E09C0CF925C72791008825B1;
			remoteInfo = TransactionsEngine;
		};
		E09C0D6E25C7541A008825B1 /* PBXContainerItemProxy */ = {
			isa = PBXContainerItemProxy;
			containerPortal = E09C0CF125C72791008825B1 /* Project object */;
			proxyType = 1;
			remoteGlobalIDString = E09C0CF925C72791008825B1;
			remoteInfo = TransactionsEngine;
		};
/* End PBXContainerItemProxy section */

/* Begin PBXFileReference section */
		E09C0CFA25C72791008825B1 /* TransactionsEngine.framework */ = {isa = PBXFileReference; explicitFileType = wrapper.framework; includeInIndex = 0; path = TransactionsEngine.framework; sourceTree = BUILT_PRODUCTS_DIR; };
		E09C0CFE25C72791008825B1 /* Info.plist */ = {isa = PBXFileReference; lastKnownFileType = text.plist.xml; path = Info.plist; sourceTree = "<group>"; };
		E09C0D0325C72791008825B1 /* TransactionsEngineTests.xctest */ = {isa = PBXFileReference; explicitFileType = wrapper.cfbundle; includeInIndex = 0; path = TransactionsEngineTests.xctest; sourceTree = BUILT_PRODUCTS_DIR; };
		E09C0D0A25C72791008825B1 /* Info.plist */ = {isa = PBXFileReference; lastKnownFileType = text.plist.xml; path = Info.plist; sourceTree = "<group>"; };
		E09C0D1E25C72898008825B1 /* Api_Example.json */ = {isa = PBXFileReference; fileEncoding = 4; lastKnownFileType = text.json; path = Api_Example.json; sourceTree = "<group>"; };
		E09C0D2225C730D0008825B1 /* Transactions.svg */ = {isa = PBXFileReference; lastKnownFileType = text.xml; path = Transactions.svg; sourceTree = SOURCE_ROOT; };
		E09C0D2725C73167008825B1 /* TransactionsLoader.swift */ = {isa = PBXFileReference; lastKnownFileType = sourcecode.swift; path = TransactionsLoader.swift; sourceTree = "<group>"; };
		E09C0D2B25C7328C008825B1 /* Transaction.swift */ = {isa = PBXFileReference; lastKnownFileType = sourcecode.swift; path = Transaction.swift; sourceTree = "<group>"; };
		E09C0D2F25C73306008825B1 /* RemoteTransactionsLoaderTests.swift */ = {isa = PBXFileReference; lastKnownFileType = sourcecode.swift; path = RemoteTransactionsLoaderTests.swift; sourceTree = "<group>"; };
		E09C0D3325C74A44008825B1 /* String+DateExtension.swift */ = {isa = PBXFileReference; lastKnownFileType = sourcecode.swift; path = "String+DateExtension.swift"; sourceTree = "<group>"; };
		E09C0D3725C74E5B008825B1 /* Date+StringExtension.swift */ = {isa = PBXFileReference; lastKnownFileType = sourcecode.swift; path = "Date+StringExtension.swift"; sourceTree = "<group>"; };
		E09C0D3C25C751CE008825B1 /* HTTPClient.swift */ = {isa = PBXFileReference; lastKnownFileType = sourcecode.swift; path = HTTPClient.swift; sourceTree = "<group>"; };
		E09C0D4025C751EC008825B1 /* RemoteTransactionsLoader.swift */ = {isa = PBXFileReference; lastKnownFileType = sourcecode.swift; path = RemoteTransactionsLoader.swift; sourceTree = "<group>"; };
		E09C0D5025C7525D008825B1 /* RemoteTransaction.swift */ = {isa = PBXFileReference; lastKnownFileType = sourcecode.swift; path = RemoteTransaction.swift; sourceTree = "<group>"; };
		E09C0D5425C7526E008825B1 /* RemoteItemsMapper.swift */ = {isa = PBXFileReference; lastKnownFileType = sourcecode.swift; path = RemoteItemsMapper.swift; sourceTree = "<group>"; };
		E09C0D5825C75290008825B1 /* HTTPClientSpy.swift */ = {isa = PBXFileReference; lastKnownFileType = sourcecode.swift; path = HTTPClientSpy.swift; sourceTree = "<group>"; };
		E09C0D5C25C752BF008825B1 /* SharedTestHelpers.swift */ = {isa = PBXFileReference; lastKnownFileType = sourcecode.swift; path = SharedTestHelpers.swift; sourceTree = "<group>"; };
		E09C0D6025C75316008825B1 /* URLSessionHTTPClient.swift */ = {isa = PBXFileReference; lastKnownFileType = sourcecode.swift; path = URLSessionHTTPClient.swift; sourceTree = "<group>"; };
		E09C0D6825C7541A008825B1 /* TransactionsAPIEndToEndTests.xctest */ = {isa = PBXFileReference; explicitFileType = wrapper.cfbundle; includeInIndex = 0; path = TransactionsAPIEndToEndTests.xctest; sourceTree = BUILT_PRODUCTS_DIR; };
		E09C0D6A25C7541A008825B1 /* TransactionsAPIEndToEndTests.swift */ = {isa = PBXFileReference; lastKnownFileType = sourcecode.swift; path = TransactionsAPIEndToEndTests.swift; sourceTree = "<group>"; };
		E09C0D6C25C7541A008825B1 /* Info.plist */ = {isa = PBXFileReference; lastKnownFileType = text.plist.xml; path = Info.plist; sourceTree = "<group>"; };
		E09C0DF925C80CB1008825B1 /* RemoteTransactionImageLoaderTests.swift */ = {isa = PBXFileReference; lastKnownFileType = sourcecode.swift; path = RemoteTransactionImageLoaderTests.swift; sourceTree = "<group>"; };
		E09C0E0C25C8147F008825B1 /* RemoteTransactionImageLoader.swift */ = {isa = PBXFileReference; lastKnownFileType = sourcecode.swift; path = RemoteTransactionImageLoader.swift; sourceTree = "<group>"; };
		E09C0E1425C814B4008825B1 /* TransactionImageLoader.swift */ = {isa = PBXFileReference; lastKnownFileType = sourcecode.swift; path = TransactionImageLoader.swift; sourceTree = "<group>"; };
/* End PBXFileReference section */

/* Begin PBXFrameworksBuildPhase section */
		E09C0CF725C72791008825B1 /* Frameworks */ = {
			isa = PBXFrameworksBuildPhase;
			buildActionMask = 2147483647;
			files = (
			);
			runOnlyForDeploymentPostprocessing = 0;
		};
		E09C0D0025C72791008825B1 /* Frameworks */ = {
			isa = PBXFrameworksBuildPhase;
			buildActionMask = 2147483647;
			files = (
				E09C0D0425C72791008825B1 /* TransactionsEngine.framework in Frameworks */,
			);
			runOnlyForDeploymentPostprocessing = 0;
		};
		E09C0D6525C7541A008825B1 /* Frameworks */ = {
			isa = PBXFrameworksBuildPhase;
			buildActionMask = 2147483647;
			files = (
				E09C0D6D25C7541A008825B1 /* TransactionsEngine.framework in Frameworks */,
			);
			runOnlyForDeploymentPostprocessing = 0;
		};
/* End PBXFrameworksBuildPhase section */

/* Begin PBXGroup section */
		E09C0CF025C72791008825B1 = {
			isa = PBXGroup;
			children = (
				E09C0CFC25C72791008825B1 /* TransactionsEngine */,
				E09C0D0725C72791008825B1 /* TransactionsEngineTests */,
				E09C0D6925C7541A008825B1 /* TransactionsAPIEndToEndTests */,
				E09C0CFB25C72791008825B1 /* Products */,
			);
			sourceTree = "<group>";
		};
		E09C0CFB25C72791008825B1 /* Products */ = {
			isa = PBXGroup;
			children = (
				E09C0CFA25C72791008825B1 /* TransactionsEngine.framework */,
				E09C0D0325C72791008825B1 /* TransactionsEngineTests.xctest */,
				E09C0D6825C7541A008825B1 /* TransactionsAPIEndToEndTests.xctest */,
			);
			name = Products;
			sourceTree = "<group>";
		};
		E09C0CFC25C72791008825B1 /* TransactionsEngine */ = {
			isa = PBXGroup;
			children = (
				E09C0D3325C74A44008825B1 /* String+DateExtension.swift */,
				E09C0D3725C74E5B008825B1 /* Date+StringExtension.swift */,
				E09C0D3B25C751C0008825B1 /* Transactions API */,
				E09C0D1E25C72898008825B1 /* Api_Example.json */,
				E09C0D2625C73150008825B1 /* Transactions Feature */,
				E09C0D2225C730D0008825B1 /* Transactions.svg */,
				E09C0CFE25C72791008825B1 /* Info.plist */,
			);
			path = TransactionsEngine;
			sourceTree = "<group>";
		};
		E09C0D0725C72791008825B1 /* TransactionsEngineTests */ = {
			isa = PBXGroup;
			children = (
				E09C0D0A25C72791008825B1 /* Info.plist */,
				E09C0D5825C75290008825B1 /* HTTPClientSpy.swift */,
				E09C0D5C25C752BF008825B1 /* SharedTestHelpers.swift */,
				E09C0DF725C80C62008825B1 /* Transactions */,
				E09C0DF825C80C6C008825B1 /* Transaction Image */,
			);
			path = TransactionsEngineTests;
			sourceTree = "<group>";
		};
		E09C0D2625C73150008825B1 /* Transactions Feature */ = {
			isa = PBXGroup;
			children = (
				E09C0D2B25C7328C008825B1 /* Transaction.swift */,
				E09C0D2725C73167008825B1 /* TransactionsLoader.swift */,
			);
			path = "Transactions Feature";
			sourceTree = "<group>";
		};
		E09C0D3B25C751C0008825B1 /* Transactions API */ = {
			isa = PBXGroup;
			children = (
				E09C0D3C25C751CE008825B1 /* HTTPClient.swift */,
				E09C0D6025C75316008825B1 /* URLSessionHTTPClient.swift */,
				E09C0DF325C80C3C008825B1 /* Transactions */,
				E09C0E0B25C81469008825B1 /* Transaction Image */,
			);
			path = "Transactions API";
			sourceTree = "<group>";
		};
		E09C0D6925C7541A008825B1 /* TransactionsAPIEndToEndTests */ = {
			isa = PBXGroup;
			children = (
				E09C0D6A25C7541A008825B1 /* TransactionsAPIEndToEndTests.swift */,
				E09C0D6C25C7541A008825B1 /* Info.plist */,
			);
			path = TransactionsAPIEndToEndTests;
			sourceTree = "<group>";
		};
		E09C0DF325C80C3C008825B1 /* Transactions */ = {
			isa = PBXGroup;
			children = (
				E09C0D4025C751EC008825B1 /* RemoteTransactionsLoader.swift */,
				E09C0D5025C7525D008825B1 /* RemoteTransaction.swift */,
				E09C0D5425C7526E008825B1 /* RemoteItemsMapper.swift */,
			);
			path = Transactions;
			sourceTree = "<group>";
		};
		E09C0DF725C80C62008825B1 /* Transactions */ = {
			isa = PBXGroup;
			children = (
				E09C0D2F25C73306008825B1 /* RemoteTransactionsLoaderTests.swift */,
			);
			path = Transactions;
			sourceTree = "<group>";
		};
		E09C0DF825C80C6C008825B1 /* Transaction Image */ = {
			isa = PBXGroup;
			children = (
				E09C0DF925C80CB1008825B1 /* RemoteTransactionImageLoaderTests.swift */,
			);
			path = "Transaction Image";
			sourceTree = "<group>";
		};
		E09C0E0B25C81469008825B1 /* Transaction Image */ = {
			isa = PBXGroup;
			children = (
				E09C0E1425C814B4008825B1 /* TransactionImageLoader.swift */,
				E09C0E0C25C8147F008825B1 /* RemoteTransactionImageLoader.swift */,
			);
			path = "Transaction Image";
			sourceTree = "<group>";
		};
/* End PBXGroup section */

/* Begin PBXHeadersBuildPhase section */
		E09C0CF525C72791008825B1 /* Headers */ = {
			isa = PBXHeadersBuildPhase;
			buildActionMask = 2147483647;
			files = (
			);
			runOnlyForDeploymentPostprocessing = 0;
		};
/* End PBXHeadersBuildPhase section */

/* Begin PBXNativeTarget section */
		E09C0CF925C72791008825B1 /* TransactionsEngine */ = {
			isa = PBXNativeTarget;
			buildConfigurationList = E09C0D0E25C72791008825B1 /* Build configuration list for PBXNativeTarget "TransactionsEngine" */;
			buildPhases = (
				E09C0CF525C72791008825B1 /* Headers */,
				E09C0CF625C72791008825B1 /* Sources */,
				E09C0CF725C72791008825B1 /* Frameworks */,
				E09C0CF825C72791008825B1 /* Resources */,
			);
			buildRules = (
			);
			dependencies = (
			);
			name = TransactionsEngine;
			productName = TransactionsEngine;
			productReference = E09C0CFA25C72791008825B1 /* TransactionsEngine.framework */;
			productType = "com.apple.product-type.framework";
		};
		E09C0D0225C72791008825B1 /* TransactionsEngineTests */ = {
			isa = PBXNativeTarget;
			buildConfigurationList = E09C0D1125C72791008825B1 /* Build configuration list for PBXNativeTarget "TransactionsEngineTests" */;
			buildPhases = (
				E09C0CFF25C72791008825B1 /* Sources */,
				E09C0D0025C72791008825B1 /* Frameworks */,
				E09C0D0125C72791008825B1 /* Resources */,
			);
			buildRules = (
			);
			dependencies = (
				E09C0D0625C72791008825B1 /* PBXTargetDependency */,
			);
			name = TransactionsEngineTests;
			productName = TransactionsEngineTests;
			productReference = E09C0D0325C72791008825B1 /* TransactionsEngineTests.xctest */;
			productType = "com.apple.product-type.bundle.unit-test";
		};
		E09C0D6725C7541A008825B1 /* TransactionsAPIEndToEndTests */ = {
			isa = PBXNativeTarget;
			buildConfigurationList = E09C0D7025C7541A008825B1 /* Build configuration list for PBXNativeTarget "TransactionsAPIEndToEndTests" */;
			buildPhases = (
				E09C0D6425C7541A008825B1 /* Sources */,
				E09C0D6525C7541A008825B1 /* Frameworks */,
				E09C0D6625C7541A008825B1 /* Resources */,
			);
			buildRules = (
			);
			dependencies = (
				E09C0D6F25C7541A008825B1 /* PBXTargetDependency */,
			);
			name = TransactionsAPIEndToEndTests;
			productName = TransactionsAPIEndToEndTests;
			productReference = E09C0D6825C7541A008825B1 /* TransactionsAPIEndToEndTests.xctest */;
			productType = "com.apple.product-type.bundle.unit-test";
		};
/* End PBXNativeTarget section */

/* Begin PBXProject section */
		E09C0CF125C72791008825B1 /* Project object */ = {
			isa = PBXProject;
			attributes = {
				LastSwiftUpdateCheck = 1230;
				LastUpgradeCheck = 1230;
				TargetAttributes = {
					E09C0CF925C72791008825B1 = {
						CreatedOnToolsVersion = 12.3;
						LastSwiftMigration = 1230;
					};
					E09C0D0225C72791008825B1 = {
						CreatedOnToolsVersion = 12.3;
						LastSwiftMigration = 1230;
					};
					E09C0D6725C7541A008825B1 = {
						CreatedOnToolsVersion = 12.3;
					};
				};
			};
			buildConfigurationList = E09C0CF425C72791008825B1 /* Build configuration list for PBXProject "TransactionsEngine" */;
			compatibilityVersion = "Xcode 9.3";
			developmentRegion = en;
			hasScannedForEncodings = 0;
			knownRegions = (
				en,
				Base,
			);
			mainGroup = E09C0CF025C72791008825B1;
			productRefGroup = E09C0CFB25C72791008825B1 /* Products */;
			projectDirPath = "";
			projectRoot = "";
			targets = (
				E09C0CF925C72791008825B1 /* TransactionsEngine */,
				E09C0D0225C72791008825B1 /* TransactionsEngineTests */,
				E09C0D6725C7541A008825B1 /* TransactionsAPIEndToEndTests */,
			);
		};
/* End PBXProject section */

/* Begin PBXResourcesBuildPhase section */
		E09C0CF825C72791008825B1 /* Resources */ = {
			isa = PBXResourcesBuildPhase;
			buildActionMask = 2147483647;
			files = (
				E09C0D1F25C72898008825B1 /* Api_Example.json in Resources */,
				E09C0D2325C730D0008825B1 /* Transactions.svg in Resources */,
			);
			runOnlyForDeploymentPostprocessing = 0;
		};
		E09C0D0125C72791008825B1 /* Resources */ = {
			isa = PBXResourcesBuildPhase;
			buildActionMask = 2147483647;
			files = (
			);
			runOnlyForDeploymentPostprocessing = 0;
		};
		E09C0D6625C7541A008825B1 /* Resources */ = {
			isa = PBXResourcesBuildPhase;
			buildActionMask = 2147483647;
			files = (
			);
			runOnlyForDeploymentPostprocessing = 0;
		};
/* End PBXResourcesBuildPhase section */

/* Begin PBXSourcesBuildPhase section */
		E09C0CF625C72791008825B1 /* Sources */ = {
			isa = PBXSourcesBuildPhase;
			buildActionMask = 2147483647;
			files = (
				E09C0D2C25C7328C008825B1 /* Transaction.swift in Sources */,
				E09C0D4125C751EC008825B1 /* RemoteTransactionsLoader.swift in Sources */,
				E09C0D5125C7525D008825B1 /* RemoteTransaction.swift in Sources */,
				E09C0D4525C75212008825B1 /* Date+StringExtension.swift in Sources */,
				E09C0D2825C73167008825B1 /* TransactionsLoader.swift in Sources */,
				E09C0E0D25C8147F008825B1 /* RemoteTransactionImageLoader.swift in Sources */,
				E09C0D5525C7526E008825B1 /* RemoteItemsMapper.swift in Sources */,
				E09C0D3D25C751CE008825B1 /* HTTPClient.swift in Sources */,
				E09C0E1525C814B4008825B1 /* TransactionImageLoader.swift in Sources */,
				E09C0D4425C75212008825B1 /* String+DateExtension.swift in Sources */,
				E09C0D6125C75316008825B1 /* URLSessionHTTPClient.swift in Sources */,
			);
			runOnlyForDeploymentPostprocessing = 0;
		};
		E09C0CFF25C72791008825B1 /* Sources */ = {
			isa = PBXSourcesBuildPhase;
			buildActionMask = 2147483647;
			files = (
				E09C0D4A25C7523E008825B1 /* String+DateExtension.swift in Sources */,
				E09C0D5925C75291008825B1 /* HTTPClientSpy.swift in Sources */,
				E09C0D5D25C752BF008825B1 /* SharedTestHelpers.swift in Sources */,
				E09C0D3025C73306008825B1 /* RemoteTransactionsLoaderTests.swift in Sources */,
				E09C0D4D25C75241008825B1 /* Date+StringExtension.swift in Sources */,
				E09C0DFA25C80CB1008825B1 /* RemoteTransactionImageLoaderTests.swift in Sources */,
			);
			runOnlyForDeploymentPostprocessing = 0;
		};
		E09C0D6425C7541A008825B1 /* Sources */ = {
			isa = PBXSourcesBuildPhase;
			buildActionMask = 2147483647;
			files = (
				E09C0D6B25C7541A008825B1 /* TransactionsAPIEndToEndTests.swift in Sources */,
			);
			runOnlyForDeploymentPostprocessing = 0;
		};
/* End PBXSourcesBuildPhase section */

/* Begin PBXTargetDependency section */
		E09C0D0625C72791008825B1 /* PBXTargetDependency */ = {
			isa = PBXTargetDependency;
			target = E09C0CF925C72791008825B1 /* TransactionsEngine */;
			targetProxy = E09C0D0525C72791008825B1 /* PBXContainerItemProxy */;
		};
		E09C0D6F25C7541A008825B1 /* PBXTargetDependency */ = {
			isa = PBXTargetDependency;
			target = E09C0CF925C72791008825B1 /* TransactionsEngine */;
			targetProxy = E09C0D6E25C7541A008825B1 /* PBXContainerItemProxy */;
		};
/* End PBXTargetDependency section */

/* Begin XCBuildConfiguration section */
		E09C0D0C25C72791008825B1 /* Debug */ = {
			isa = XCBuildConfiguration;
			buildSettings = {
				ALWAYS_SEARCH_USER_PATHS = NO;
				CLANG_ANALYZER_NONNULL = YES;
				CLANG_ANALYZER_NUMBER_OBJECT_CONVERSION = YES_AGGRESSIVE;
				CLANG_CXX_LANGUAGE_STANDARD = "gnu++14";
				CLANG_CXX_LIBRARY = "libc++";
				CLANG_ENABLE_MODULES = YES;
				CLANG_ENABLE_OBJC_ARC = YES;
				CLANG_ENABLE_OBJC_WEAK = YES;
				CLANG_WARN_BLOCK_CAPTURE_AUTORELEASING = YES;
				CLANG_WARN_BOOL_CONVERSION = YES;
				CLANG_WARN_COMMA = YES;
				CLANG_WARN_CONSTANT_CONVERSION = YES;
				CLANG_WARN_DEPRECATED_OBJC_IMPLEMENTATIONS = YES;
				CLANG_WARN_DIRECT_OBJC_ISA_USAGE = YES_ERROR;
				CLANG_WARN_DOCUMENTATION_COMMENTS = YES;
				CLANG_WARN_EMPTY_BODY = YES;
				CLANG_WARN_ENUM_CONVERSION = YES;
				CLANG_WARN_INFINITE_RECURSION = YES;
				CLANG_WARN_INT_CONVERSION = YES;
				CLANG_WARN_NON_LITERAL_NULL_CONVERSION = YES;
				CLANG_WARN_OBJC_IMPLICIT_RETAIN_SELF = YES;
				CLANG_WARN_OBJC_LITERAL_CONVERSION = YES;
				CLANG_WARN_OBJC_ROOT_CLASS = YES_ERROR;
				CLANG_WARN_QUOTED_INCLUDE_IN_FRAMEWORK_HEADER = YES;
				CLANG_WARN_RANGE_LOOP_ANALYSIS = YES;
				CLANG_WARN_STRICT_PROTOTYPES = YES;
				CLANG_WARN_SUSPICIOUS_MOVE = YES;
				CLANG_WARN_UNGUARDED_AVAILABILITY = YES_AGGRESSIVE;
				CLANG_WARN_UNREACHABLE_CODE = YES;
				CLANG_WARN__DUPLICATE_METHOD_MATCH = YES;
				COPY_PHASE_STRIP = NO;
				CURRENT_PROJECT_VERSION = 1;
				DEBUG_INFORMATION_FORMAT = dwarf;
				ENABLE_STRICT_OBJC_MSGSEND = YES;
				ENABLE_TESTABILITY = YES;
				GCC_C_LANGUAGE_STANDARD = gnu11;
				GCC_DYNAMIC_NO_PIC = NO;
				GCC_NO_COMMON_BLOCKS = YES;
				GCC_OPTIMIZATION_LEVEL = 0;
				GCC_PREPROCESSOR_DEFINITIONS = (
					"DEBUG=1",
					"$(inherited)",
				);
				GCC_WARN_64_TO_32_BIT_CONVERSION = YES;
				GCC_WARN_ABOUT_RETURN_TYPE = YES_ERROR;
				GCC_WARN_UNDECLARED_SELECTOR = YES;
				GCC_WARN_UNINITIALIZED_AUTOS = YES_AGGRESSIVE;
				GCC_WARN_UNUSED_FUNCTION = YES;
				GCC_WARN_UNUSED_VARIABLE = YES;
				MACOSX_DEPLOYMENT_TARGET = 11.1;
				MTL_ENABLE_DEBUG_INFO = INCLUDE_SOURCE;
				MTL_FAST_MATH = YES;
				ONLY_ACTIVE_ARCH = YES;
				SDKROOT = macosx;
				SWIFT_ACTIVE_COMPILATION_CONDITIONS = DEBUG;
				SWIFT_OPTIMIZATION_LEVEL = "-Onone";
				VERSIONING_SYSTEM = "apple-generic";
				VERSION_INFO_PREFIX = "";
			};
			name = Debug;
		};
		E09C0D0D25C72791008825B1 /* Release */ = {
			isa = XCBuildConfiguration;
			buildSettings = {
				ALWAYS_SEARCH_USER_PATHS = NO;
				CLANG_ANALYZER_NONNULL = YES;
				CLANG_ANALYZER_NUMBER_OBJECT_CONVERSION = YES_AGGRESSIVE;
				CLANG_CXX_LANGUAGE_STANDARD = "gnu++14";
				CLANG_CXX_LIBRARY = "libc++";
				CLANG_ENABLE_MODULES = YES;
				CLANG_ENABLE_OBJC_ARC = YES;
				CLANG_ENABLE_OBJC_WEAK = YES;
				CLANG_WARN_BLOCK_CAPTURE_AUTORELEASING = YES;
				CLANG_WARN_BOOL_CONVERSION = YES;
				CLANG_WARN_COMMA = YES;
				CLANG_WARN_CONSTANT_CONVERSION = YES;
				CLANG_WARN_DEPRECATED_OBJC_IMPLEMENTATIONS = YES;
				CLANG_WARN_DIRECT_OBJC_ISA_USAGE = YES_ERROR;
				CLANG_WARN_DOCUMENTATION_COMMENTS = YES;
				CLANG_WARN_EMPTY_BODY = YES;
				CLANG_WARN_ENUM_CONVERSION = YES;
				CLANG_WARN_INFINITE_RECURSION = YES;
				CLANG_WARN_INT_CONVERSION = YES;
				CLANG_WARN_NON_LITERAL_NULL_CONVERSION = YES;
				CLANG_WARN_OBJC_IMPLICIT_RETAIN_SELF = YES;
				CLANG_WARN_OBJC_LITERAL_CONVERSION = YES;
				CLANG_WARN_OBJC_ROOT_CLASS = YES_ERROR;
				CLANG_WARN_QUOTED_INCLUDE_IN_FRAMEWORK_HEADER = YES;
				CLANG_WARN_RANGE_LOOP_ANALYSIS = YES;
				CLANG_WARN_STRICT_PROTOTYPES = YES;
				CLANG_WARN_SUSPICIOUS_MOVE = YES;
				CLANG_WARN_UNGUARDED_AVAILABILITY = YES_AGGRESSIVE;
				CLANG_WARN_UNREACHABLE_CODE = YES;
				CLANG_WARN__DUPLICATE_METHOD_MATCH = YES;
				COPY_PHASE_STRIP = NO;
				CURRENT_PROJECT_VERSION = 1;
				DEBUG_INFORMATION_FORMAT = "dwarf-with-dsym";
				ENABLE_NS_ASSERTIONS = NO;
				ENABLE_STRICT_OBJC_MSGSEND = YES;
				GCC_C_LANGUAGE_STANDARD = gnu11;
				GCC_NO_COMMON_BLOCKS = YES;
				GCC_WARN_64_TO_32_BIT_CONVERSION = YES;
				GCC_WARN_ABOUT_RETURN_TYPE = YES_ERROR;
				GCC_WARN_UNDECLARED_SELECTOR = YES;
				GCC_WARN_UNINITIALIZED_AUTOS = YES_AGGRESSIVE;
				GCC_WARN_UNUSED_FUNCTION = YES;
				GCC_WARN_UNUSED_VARIABLE = YES;
				MACOSX_DEPLOYMENT_TARGET = 11.1;
				MTL_ENABLE_DEBUG_INFO = NO;
				MTL_FAST_MATH = YES;
				SDKROOT = macosx;
				SWIFT_COMPILATION_MODE = wholemodule;
				SWIFT_OPTIMIZATION_LEVEL = "-O";
				VERSIONING_SYSTEM = "apple-generic";
				VERSION_INFO_PREFIX = "";
			};
			name = Release;
		};
		E09C0D0F25C72791008825B1 /* Debug */ = {
			isa = XCBuildConfiguration;
			buildSettings = {
				CLANG_ENABLE_MODULES = YES;
				CODE_SIGN_STYLE = Automatic;
				COMBINE_HIDPI_IMAGES = YES;
				DEFINES_MODULE = YES;
				DEVELOPMENT_TEAM = JKJHN735FS;
				DYLIB_COMPATIBILITY_VERSION = 1;
				DYLIB_CURRENT_VERSION = 1;
				DYLIB_INSTALL_NAME_BASE = "@rpath";
				INFOPLIST_FILE = TransactionsEngine/Info.plist;
				INSTALL_PATH = "$(LOCAL_LIBRARY_DIR)/Frameworks";
				LD_RUNPATH_SEARCH_PATHS = (
					"$(inherited)",
					"@executable_path/../Frameworks",
					"@loader_path/Frameworks",
				);
				PRODUCT_BUNDLE_IDENTIFIER = com.vkalchev.TransactionsEngine;
				PRODUCT_NAME = "$(TARGET_NAME:c99extidentifier)";
				SKIP_INSTALL = YES;
				SUPPORTED_PLATFORMS = "macosx iphonesimulator iphoneos";
				SWIFT_OPTIMIZATION_LEVEL = "-Onone";
				SWIFT_VERSION = 5.0;
			};
			name = Debug;
		};
		E09C0D1025C72791008825B1 /* Release */ = {
			isa = XCBuildConfiguration;
			buildSettings = {
				CLANG_ENABLE_MODULES = YES;
				CODE_SIGN_STYLE = Automatic;
				COMBINE_HIDPI_IMAGES = YES;
				DEFINES_MODULE = YES;
				DEVELOPMENT_TEAM = JKJHN735FS;
				DYLIB_COMPATIBILITY_VERSION = 1;
				DYLIB_CURRENT_VERSION = 1;
				DYLIB_INSTALL_NAME_BASE = "@rpath";
				INFOPLIST_FILE = TransactionsEngine/Info.plist;
				INSTALL_PATH = "$(LOCAL_LIBRARY_DIR)/Frameworks";
				LD_RUNPATH_SEARCH_PATHS = (
					"$(inherited)",
					"@executable_path/../Frameworks",
					"@loader_path/Frameworks",
				);
				PRODUCT_BUNDLE_IDENTIFIER = com.vkalchev.TransactionsEngine;
				PRODUCT_NAME = "$(TARGET_NAME:c99extidentifier)";
				SKIP_INSTALL = YES;
				SUPPORTED_PLATFORMS = "macosx iphonesimulator iphoneos";
				SWIFT_VERSION = 5.0;
			};
			name = Release;
		};
		E09C0D1225C72791008825B1 /* Debug */ = {
			isa = XCBuildConfiguration;
			buildSettings = {
				ALWAYS_EMBED_SWIFT_STANDARD_LIBRARIES = YES;
				CLANG_ENABLE_MODULES = YES;
				CODE_SIGN_STYLE = Automatic;
				COMBINE_HIDPI_IMAGES = YES;
				DEVELOPMENT_TEAM = JKJHN735FS;
				INFOPLIST_FILE = TransactionsEngineTests/Info.plist;
				LD_RUNPATH_SEARCH_PATHS = (
					"$(inherited)",
					"@executable_path/../Frameworks",
					"@loader_path/../Frameworks",
				);
				PRODUCT_BUNDLE_IDENTIFIER = com.vkalchev.TransactionsEngineTests;
				PRODUCT_NAME = "$(TARGET_NAME)";
				SWIFT_OPTIMIZATION_LEVEL = "-Onone";
				SWIFT_VERSION = 5.0;
			};
			name = Debug;
		};
		E09C0D1325C72791008825B1 /* Release */ = {
			isa = XCBuildConfiguration;
			buildSettings = {
				ALWAYS_EMBED_SWIFT_STANDARD_LIBRARIES = YES;
				CLANG_ENABLE_MODULES = YES;
				CODE_SIGN_STYLE = Automatic;
				COMBINE_HIDPI_IMAGES = YES;
				DEVELOPMENT_TEAM = JKJHN735FS;
				INFOPLIST_FILE = TransactionsEngineTests/Info.plist;
				LD_RUNPATH_SEARCH_PATHS = (
					"$(inherited)",
					"@executable_path/../Frameworks",
					"@loader_path/../Frameworks",
				);
				PRODUCT_BUNDLE_IDENTIFIER = com.vkalchev.TransactionsEngineTests;
				PRODUCT_NAME = "$(TARGET_NAME)";
				SWIFT_VERSION = 5.0;
			};
			name = Release;
		};
		E09C0D7125C7541A008825B1 /* Debug */ = {
			isa = XCBuildConfiguration;
			buildSettings = {
				CODE_SIGN_STYLE = Automatic;
				COMBINE_HIDPI_IMAGES = YES;
				DEVELOPMENT_TEAM = JKJHN735FS;
				INFOPLIST_FILE = TransactionsAPIEndToEndTests/Info.plist;
				LD_RUNPATH_SEARCH_PATHS = (
					"$(inherited)",
					"@executable_path/../Frameworks",
					"@loader_path/../Frameworks",
				);
				PRODUCT_BUNDLE_IDENTIFIER = com.vkalchev.TransactionsAPIEndToEndTests;
				PRODUCT_NAME = "$(TARGET_NAME)";
				SWIFT_VERSION = 5.0;
			};
			name = Debug;
		};
		E09C0D7225C7541A008825B1 /* Release */ = {
			isa = XCBuildConfiguration;
			buildSettings = {
				CODE_SIGN_STYLE = Automatic;
				COMBINE_HIDPI_IMAGES = YES;
				DEVELOPMENT_TEAM = JKJHN735FS;
				INFOPLIST_FILE = TransactionsAPIEndToEndTests/Info.plist;
				LD_RUNPATH_SEARCH_PATHS = (
					"$(inherited)",
					"@executable_path/../Frameworks",
					"@loader_path/../Frameworks",
				);
				PRODUCT_BUNDLE_IDENTIFIER = com.vkalchev.TransactionsAPIEndToEndTests;
				PRODUCT_NAME = "$(TARGET_NAME)";
				SWIFT_VERSION = 5.0;
			};
			name = Release;
		};
/* End XCBuildConfiguration section */

/* Begin XCConfigurationList section */
		E09C0CF425C72791008825B1 /* Build configuration list for PBXProject "TransactionsEngine" */ = {
			isa = XCConfigurationList;
			buildConfigurations = (
				E09C0D0C25C72791008825B1 /* Debug */,
				E09C0D0D25C72791008825B1 /* Release */,
			);
			defaultConfigurationIsVisible = 0;
			defaultConfigurationName = Release;
		};
		E09C0D0E25C72791008825B1 /* Build configuration list for PBXNativeTarget "TransactionsEngine" */ = {
			isa = XCConfigurationList;
			buildConfigurations = (
				E09C0D0F25C72791008825B1 /* Debug */,
				E09C0D1025C72791008825B1 /* Release */,
			);
			defaultConfigurationIsVisible = 0;
			defaultConfigurationName = Release;
		};
		E09C0D1125C72791008825B1 /* Build configuration list for PBXNativeTarget "TransactionsEngineTests" */ = {
			isa = XCConfigurationList;
			buildConfigurations = (
				E09C0D1225C72791008825B1 /* Debug */,
				E09C0D1325C72791008825B1 /* Release */,
			);
			defaultConfigurationIsVisible = 0;
			defaultConfigurationName = Release;
		};
		E09C0D7025C7541A008825B1 /* Build configuration list for PBXNativeTarget "TransactionsAPIEndToEndTests" */ = {
			isa = XCConfigurationList;
			buildConfigurations = (
				E09C0D7125C7541A008825B1 /* Debug */,
				E09C0D7225C7541A008825B1 /* Release */,
			);
			defaultConfigurationIsVisible = 0;
			defaultConfigurationName = Release;
		};
/* End XCConfigurationList section */
	};
	rootObject = E09C0CF125C72791008825B1 /* Project object */;
}
